
Microsoft Visual Studio Solution File, Format Version 12.00
Project("{FAE04EC0-301F-11D3-BF4B-00C04F79EFBC}") = "Cimple", "Cimple\Cimple.csproj", "{7C5CA25A-9C5D-449E-99A8-0CB0B8D2C713}"
EndProject
Global
	GlobalSection(SolutionConfigurationPlatforms) = preSolution
		Debug|Any CPU = Debug|Any CPU
		Release|Any CPU = Release|Any CPU
	EndGlobalSection
	GlobalSection(ProjectConfigurationPlatforms) = postSolution
		{7C5CA25A-9C5D-449E-99A8-0CB0B8D2C713}.Debug|Any CPU.ActiveCfg = Debug|Any CPU
		{7C5CA25A-9C5D-449E-99A8-0CB0B8D2C713}.Debug|Any CPU.Build.0 = Debug|Any CPU
		{7C5CA25A-9C5D-449E-99A8-0CB0B8D2C713}.Release|Any CPU.ActiveCfg = Release|Any CPU
		{7C5CA25A-9C5D-449E-99A8-0CB0B8D2C713}.Release|Any CPU.Build.0 = Release|Any CPU
	EndGlobalSection
EndGlobal
